// !$*UTF8*$!
{
	archiveVersion = 1;
	classes = {
	};
	objectVersion = 55;
	objects = {

/* Begin PBXBuildFile section */
		85063B3F299D09360052915C /* AppDelegate.m in Sources */ = {isa = PBXBuildFile; fileRef = 85063B3E299D09360052915C /* AppDelegate.m */; };
		85063B42299D09360052915C /* SceneDelegate.m in Sources */ = {isa = PBXBuildFile; fileRef = 85063B41299D09360052915C /* SceneDelegate.m */; };
		85063B48299D09360052915C /* Main.storyboard in Resources */ = {isa = PBXBuildFile; fileRef = 85063B46299D09360052915C /* Main.storyboard */; };
		85063B4A299D09370052915C /* Assets.xcassets in Resources */ = {isa = PBXBuildFile; fileRef = 85063B49299D09370052915C /* Assets.xcassets */; };
		85063B4D299D09370052915C /* LaunchScreen.storyboard in Resources */ = {isa = PBXBuildFile; fileRef = 85063B4B299D09370052915C /* LaunchScreen.storyboard */; };
		85063B50299D09370052915C /* main.m in Sources */ = {isa = PBXBuildFile; fileRef = 85063B4F299D09370052915C /* main.m */; };
		85063B5A299D09370052915C /* Pride_Group_TaskTests.m in Sources */ = {isa = PBXBuildFile; fileRef = 85063B59299D09370052915C /* Pride_Group_TaskTests.m */; };
		85063B64299D09370052915C /* Pride_Group_TaskUITests.m in Sources */ = {isa = PBXBuildFile; fileRef = 85063B63299D09370052915C /* Pride_Group_TaskUITests.m */; };
		85063B66299D09370052915C /* Pride_Group_TaskUITestsLaunchTests.m in Sources */ = {isa = PBXBuildFile; fileRef = 85063B65299D09370052915C /* Pride_Group_TaskUITestsLaunchTests.m */; };
		85063B74299D0BD30052915C /* HomeTableViewController.m in Sources */ = {isa = PBXBuildFile; fileRef = 85063B73299D0BD30052915C /* HomeTableViewController.m */; };
		85063B78299D4E0C0052915C /* CustomTableViewCell.m in Sources */ = {isa = PBXBuildFile; fileRef = 85063B77299D4E0C0052915C /* CustomTableViewCell.m */; };
		858FF154299EC4FD00C567A1 /* TimeLineChartVC.m in Sources */ = {isa = PBXBuildFile; fileRef = 858FF150299EC4FC00C567A1 /* TimeLineChartVC.m */; };
		858FF166299EC5CB00C567A1 /* XMTimeLineView.m in Sources */ = {isa = PBXBuildFile; fileRef = 858FF159299EC5CB00C567A1 /* XMTimeLineView.m */; };
		858FF167299EC5CB00C567A1 /* XMViewBase.m in Sources */ = {isa = PBXBuildFile; fileRef = 858FF15B299EC5CB00C567A1 /* XMViewBase.m */; };
		858FF168299EC5CB00C567A1 /* XMLineChartViewBase.m in Sources */ = {isa = PBXBuildFile; fileRef = 858FF15E299EC5CB00C567A1 /* XMLineChartViewBase.m */; };
		858FF169299EC5CB00C567A1 /* XMLineEntity.m in Sources */ = {isa = PBXBuildFile; fileRef = 858FF160299EC5CB00C567A1 /* XMLineEntity.m */; };
		858FF16A299EC5CB00C567A1 /* XMLineChartView.m in Sources */ = {isa = PBXBuildFile; fileRef = 858FF164299EC5CB00C567A1 /* XMLineChartView.m */; };
		858FF16B299EC5CB00C567A1 /* XMLineDataSet.m in Sources */ = {isa = PBXBuildFile; fileRef = 858FF165299EC5CB00C567A1 /* XMLineDataSet.m */; };
/* End PBXBuildFile section */

/* Begin PBXContainerItemProxy section */
		85063B56299D09370052915C /* PBXContainerItemProxy */ = {
			isa = PBXContainerItemProxy;
			containerPortal = 85063B32299D09360052915C /* Project object */;
			proxyType = 1;
			remoteGlobalIDString = 85063B39299D09360052915C;
			remoteInfo = Pride_Group_Task;
		};
		85063B60299D09370052915C /* PBXContainerItemProxy */ = {
			isa = PBXContainerItemProxy;
			containerPortal = 85063B32299D09360052915C /* Project object */;
			proxyType = 1;
			remoteGlobalIDString = 85063B39299D09360052915C;
			remoteInfo = Pride_Group_Task;
		};
/* End PBXContainerItemProxy section */

/* Begin PBXFileReference section */
		85063B3A299D09360052915C /* Pride_Group_Task.app */ = {isa = PBXFileReference; explicitFileType = wrapper.application; includeInIndex = 0; path = Pride_Group_Task.app; sourceTree = BUILT_PRODUCTS_DIR; };
		85063B3D299D09360052915C /* AppDelegate.h */ = {isa = PBXFileReference; lastKnownFileType = sourcecode.c.h; path = AppDelegate.h; sourceTree = "<group>"; };
		85063B3E299D09360052915C /* AppDelegate.m */ = {isa = PBXFileReference; lastKnownFileType = sourcecode.c.objc; path = AppDelegate.m; sourceTree = "<group>"; };
		85063B40299D09360052915C /* SceneDelegate.h */ = {isa = PBXFileReference; lastKnownFileType = sourcecode.c.h; path = SceneDelegate.h; sourceTree = "<group>"; };
		85063B41299D09360052915C /* SceneDelegate.m */ = {isa = PBXFileReference; lastKnownFileType = sourcecode.c.objc; path = SceneDelegate.m; sourceTree = "<group>"; };
		85063B47299D09360052915C /* Base */ = {isa = PBXFileReference; lastKnownFileType = file.storyboard; name = Base; path = Base.lproj/Main.storyboard; sourceTree = "<group>"; };
		85063B49299D09370052915C /* Assets.xcassets */ = {isa = PBXFileReference; lastKnownFileType = folder.assetcatalog; path = Assets.xcassets; sourceTree = "<group>"; };
		85063B4C299D09370052915C /* Base */ = {isa = PBXFileReference; lastKnownFileType = file.storyboard; name = Base; path = Base.lproj/LaunchScreen.storyboard; sourceTree = "<group>"; };
		85063B4E299D09370052915C /* Info.plist */ = {isa = PBXFileReference; lastKnownFileType = text.plist.xml; path = Info.plist; sourceTree = "<group>"; };
		85063B4F299D09370052915C /* main.m */ = {isa = PBXFileReference; lastKnownFileType = sourcecode.c.objc; path = main.m; sourceTree = "<group>"; };
		85063B55299D09370052915C /* Pride_Group_TaskTests.xctest */ = {isa = PBXFileReference; explicitFileType = wrapper.cfbundle; includeInIndex = 0; path = Pride_Group_TaskTests.xctest; sourceTree = BUILT_PRODUCTS_DIR; };
		85063B59299D09370052915C /* Pride_Group_TaskTests.m */ = {isa = PBXFileReference; lastKnownFileType = sourcecode.c.objc; path = Pride_Group_TaskTests.m; sourceTree = "<group>"; };
		85063B5F299D09370052915C /* Pride_Group_TaskUITests.xctest */ = {isa = PBXFileReference; explicitFileType = wrapper.cfbundle; includeInIndex = 0; path = Pride_Group_TaskUITests.xctest; sourceTree = BUILT_PRODUCTS_DIR; };
		85063B63299D09370052915C /* Pride_Group_TaskUITests.m */ = {isa = PBXFileReference; lastKnownFileType = sourcecode.c.objc; path = Pride_Group_TaskUITests.m; sourceTree = "<group>"; };
		85063B65299D09370052915C /* Pride_Group_TaskUITestsLaunchTests.m */ = {isa = PBXFileReference; lastKnownFileType = sourcecode.c.objc; path = Pride_Group_TaskUITestsLaunchTests.m; sourceTree = "<group>"; };
		85063B72299D0BD30052915C /* HomeTableViewController.h */ = {isa = PBXFileReference; lastKnownFileType = sourcecode.c.h; path = HomeTableViewController.h; sourceTree = "<group>"; };
		85063B73299D0BD30052915C /* HomeTableViewController.m */ = {isa = PBXFileReference; lastKnownFileType = sourcecode.c.objc; path = HomeTableViewController.m; sourceTree = "<group>"; };
		85063B76299D4E0C0052915C /* CustomTableViewCell.h */ = {isa = PBXFileReference; lastKnownFileType = sourcecode.c.h; path = CustomTableViewCell.h; sourceTree = "<group>"; };
		85063B77299D4E0C0052915C /* CustomTableViewCell.m */ = {isa = PBXFileReference; lastKnownFileType = sourcecode.c.objc; path = CustomTableViewCell.m; sourceTree = "<group>"; };
		858A57A6299E4E3C00A8AEBF /* Pride_Group_Task-Bridging-Header.h */ = {isa = PBXFileReference; lastKnownFileType = sourcecode.c.h; path = "Pride_Group_Task-Bridging-Header.h"; sourceTree = "<group>"; };
		858FF150299EC4FC00C567A1 /* TimeLineChartVC.m */ = {isa = PBXFileReference; fileEncoding = 4; lastKnownFileType = sourcecode.c.objc; path = TimeLineChartVC.m; sourceTree = "<group>"; };
		858FF152299EC4FC00C567A1 /* TimeLineChartVC.h */ = {isa = PBXFileReference; fileEncoding = 4; lastKnownFileType = sourcecode.c.h; path = TimeLineChartVC.h; sourceTree = "<group>"; };
		858FF159299EC5CB00C567A1 /* XMTimeLineView.m */ = {isa = PBXFileReference; fileEncoding = 4; lastKnownFileType = sourcecode.c.objc; path = XMTimeLineView.m; sourceTree = "<group>"; };
		858FF15A299EC5CB00C567A1 /* XMViewBase.h */ = {isa = PBXFileReference; fileEncoding = 4; lastKnownFileType = sourcecode.c.h; path = XMViewBase.h; sourceTree = "<group>"; };
		858FF15B299EC5CB00C567A1 /* XMViewBase.m */ = {isa = PBXFileReference; fileEncoding = 4; lastKnownFileType = sourcecode.c.objc; path = XMViewBase.m; sourceTree = "<group>"; };
		858FF15C299EC5CB00C567A1 /* XMLineEntity.h */ = {isa = PBXFileReference; fileEncoding = 4; lastKnownFileType = sourcecode.c.h; path = XMLineEntity.h; sourceTree = "<group>"; };
		858FF15D299EC5CB00C567A1 /* XMTimeLineView.h */ = {isa = PBXFileReference; fileEncoding = 4; lastKnownFileType = sourcecode.c.h; path = XMTimeLineView.h; sourceTree = "<group>"; };
		858FF15E299EC5CB00C567A1 /* XMLineChartViewBase.m */ = {isa = PBXFileReference; fileEncoding = 4; lastKnownFileType = sourcecode.c.objc; path = XMLineChartViewBase.m; sourceTree = "<group>"; };
		858FF15F299EC5CB00C567A1 /* XMLineChartView.h */ = {isa = PBXFileReference; fileEncoding = 4; lastKnownFileType = sourcecode.c.h; path = XMLineChartView.h; sourceTree = "<group>"; };
		858FF160299EC5CB00C567A1 /* XMLineEntity.m */ = {isa = PBXFileReference; fileEncoding = 4; lastKnownFileType = sourcecode.c.objc; path = XMLineEntity.m; sourceTree = "<group>"; };
		858FF161299EC5CB00C567A1 /* XMLineChartViewBase.h */ = {isa = PBXFileReference; fileEncoding = 4; lastKnownFileType = sourcecode.c.h; path = XMLineChartViewBase.h; sourceTree = "<group>"; };
		858FF162299EC5CB00C567A1 /* XMLineChart.h */ = {isa = PBXFileReference; fileEncoding = 4; lastKnownFileType = sourcecode.c.h; path = XMLineChart.h; sourceTree = "<group>"; };
		858FF163299EC5CB00C567A1 /* XMLineDataSet.h */ = {isa = PBXFileReference; fileEncoding = 4; lastKnownFileType = sourcecode.c.h; path = XMLineDataSet.h; sourceTree = "<group>"; };
		858FF164299EC5CB00C567A1 /* XMLineChartView.m */ = {isa = PBXFileReference; fileEncoding = 4; lastKnownFileType = sourcecode.c.objc; path = XMLineChartView.m; sourceTree = "<group>"; };
		858FF165299EC5CB00C567A1 /* XMLineDataSet.m */ = {isa = PBXFileReference; fileEncoding = 4; lastKnownFileType = sourcecode.c.objc; path = XMLineDataSet.m; sourceTree = "<group>"; };
/* End PBXFileReference section */

/* Begin PBXFrameworksBuildPhase section */
		85063B37299D09360052915C /* Frameworks */ = {
			isa = PBXFrameworksBuildPhase;
			buildActionMask = 2147483647;
			files = (
			);
			runOnlyForDeploymentPostprocessing = 0;
		};
		85063B52299D09370052915C /* Frameworks */ = {
			isa = PBXFrameworksBuildPhase;
			buildActionMask = 2147483647;
			files = (
			);
			runOnlyForDeploymentPostprocessing = 0;
		};
		85063B5C299D09370052915C /* Frameworks */ = {
			isa = PBXFrameworksBuildPhase;
			buildActionMask = 2147483647;
			files = (
			);
			runOnlyForDeploymentPostprocessing = 0;
		};
/* End PBXFrameworksBuildPhase section */

/* Begin PBXGroup section */
		85063B31299D09360052915C = {
			isa = PBXGroup;
			children = (
				85063B3C299D09360052915C /* Pride_Group_Task */,
				85063B58299D09370052915C /* Pride_Group_TaskTests */,
				85063B62299D09370052915C /* Pride_Group_TaskUITests */,
				85063B3B299D09360052915C /* Products */,
			);
			sourceTree = "<group>";
		};
		85063B3B299D09360052915C /* Products */ = {
			isa = PBXGroup;
			children = (
				85063B3A299D09360052915C /* Pride_Group_Task.app */,
				85063B55299D09370052915C /* Pride_Group_TaskTests.xctest */,
				85063B5F299D09370052915C /* Pride_Group_TaskUITests.xctest */,
			);
			name = Products;
			sourceTree = "<group>";
		};
		85063B3C299D09360052915C /* Pride_Group_Task */ = {
			isa = PBXGroup;
			children = (
				85A8612E299FDC92005AE256 /* Views */,
				85A8612C299FDC1C005AE256 /* Controllers */,
				858FF158299EC5A200C567A1 /* XMLineChart */,
				85063B75299D4DD90052915C /* TableviewCell */,
				85A8612D299FDC72005AE256 /* Delegates */,
				85063B49299D09370052915C /* Assets.xcassets */,
				85063B4E299D09370052915C /* Info.plist */,
				85063B4F299D09370052915C /* main.m */,
				858A57A6299E4E3C00A8AEBF /* Pride_Group_Task-Bridging-Header.h */,
			);
			path = Pride_Group_Task;
			sourceTree = "<group>";
		};
		85063B58299D09370052915C /* Pride_Group_TaskTests */ = {
			isa = PBXGroup;
			children = (
				85063B59299D09370052915C /* Pride_Group_TaskTests.m */,
			);
			path = Pride_Group_TaskTests;
			sourceTree = "<group>";
		};
		85063B62299D09370052915C /* Pride_Group_TaskUITests */ = {
			isa = PBXGroup;
			children = (
				85063B63299D09370052915C /* Pride_Group_TaskUITests.m */,
				85063B65299D09370052915C /* Pride_Group_TaskUITestsLaunchTests.m */,
			);
			path = Pride_Group_TaskUITests;
			sourceTree = "<group>";
		};
		85063B75299D4DD90052915C /* TableviewCell */ = {
			isa = PBXGroup;
			children = (
				85063B76299D4E0C0052915C /* CustomTableViewCell.h */,
				85063B77299D4E0C0052915C /* CustomTableViewCell.m */,
			);
			path = TableviewCell;
			sourceTree = "<group>";
		};
		858FF158299EC5A200C567A1 /* XMLineChart */ = {
			isa = PBXGroup;
			children = (
				858FF162299EC5CB00C567A1 /* XMLineChart.h */,
				858FF15F299EC5CB00C567A1 /* XMLineChartView.h */,
				858FF164299EC5CB00C567A1 /* XMLineChartView.m */,
				858FF161299EC5CB00C567A1 /* XMLineChartViewBase.h */,
				858FF15E299EC5CB00C567A1 /* XMLineChartViewBase.m */,
				858FF163299EC5CB00C567A1 /* XMLineDataSet.h */,
				858FF165299EC5CB00C567A1 /* XMLineDataSet.m */,
				858FF15C299EC5CB00C567A1 /* XMLineEntity.h */,
				858FF160299EC5CB00C567A1 /* XMLineEntity.m */,
				858FF15D299EC5CB00C567A1 /* XMTimeLineView.h */,
				858FF159299EC5CB00C567A1 /* XMTimeLineView.m */,
				858FF15A299EC5CB00C567A1 /* XMViewBase.h */,
				858FF15B299EC5CB00C567A1 /* XMViewBase.m */,
			);
			path = XMLineChart;
			sourceTree = "<group>";
		};
		85A8612C299FDC1C005AE256 /* Controllers */ = {
			isa = PBXGroup;
			children = (
				85063B72299D0BD30052915C /* HomeTableViewController.h */,
				85063B73299D0BD30052915C /* HomeTableViewController.m */,
				858FF152299EC4FC00C567A1 /* TimeLineChartVC.h */,
				858FF150299EC4FC00C567A1 /* TimeLineChartVC.m */,
			);
			path = Controllers;
			sourceTree = "<group>";
		};
		85A8612D299FDC72005AE256 /* Delegates */ = {
			isa = PBXGroup;
			children = (
				85063B3D299D09360052915C /* AppDelegate.h */,
				85063B3E299D09360052915C /* AppDelegate.m */,
				85063B40299D09360052915C /* SceneDelegate.h */,
				85063B41299D09360052915C /* SceneDelegate.m */,
			);
			path = Delegates;
			sourceTree = "<group>";
		};
		85A8612E299FDC92005AE256 /* Views */ = {
			isa = PBXGroup;
			children = (
				85063B46299D09360052915C /* Main.storyboard */,
				85063B4B299D09370052915C /* LaunchScreen.storyboard */,
			);
			path = Views;
			sourceTree = "<group>";
		};
/* End PBXGroup section */

/* Begin PBXNativeTarget section */
		85063B39299D09360052915C /* Pride_Group_Task */ = {
			isa = PBXNativeTarget;
			buildConfigurationList = 85063B69299D09370052915C /* Build configuration list for PBXNativeTarget "Pride_Group_Task" */;
			buildPhases = (
				85063B36299D09360052915C /* Sources */,
				85063B37299D09360052915C /* Frameworks */,
				85063B38299D09360052915C /* Resources */,
			);
			buildRules = (
			);
			dependencies = (
			);
			name = Pride_Group_Task;
			productName = Pride_Group_Task;
			productReference = 85063B3A299D09360052915C /* Pride_Group_Task.app */;
			productType = "com.apple.product-type.application";
		};
		85063B54299D09370052915C /* Pride_Group_TaskTests */ = {
			isa = PBXNativeTarget;
			buildConfigurationList = 85063B6C299D09370052915C /* Build configuration list for PBXNativeTarget "Pride_Group_TaskTests" */;
			buildPhases = (
				85063B51299D09370052915C /* Sources */,
				85063B52299D09370052915C /* Frameworks */,
				85063B53299D09370052915C /* Resources */,
			);
			buildRules = (
			);
			dependencies = (
				85063B57299D09370052915C /* PBXTargetDependency */,
			);
			name = Pride_Group_TaskTests;
			productName = Pride_Group_TaskTests;
			productReference = 85063B55299D09370052915C /* Pride_Group_TaskTests.xctest */;
			productType = "com.apple.product-type.bundle.unit-test";
		};
		85063B5E299D09370052915C /* Pride_Group_TaskUITests */ = {
			isa = PBXNativeTarget;
			buildConfigurationList = 85063B6F299D09370052915C /* Build configuration list for PBXNativeTarget "Pride_Group_TaskUITests" */;
			buildPhases = (
				85063B5B299D09370052915C /* Sources */,
				85063B5C299D09370052915C /* Frameworks */,
				85063B5D299D09370052915C /* Resources */,
			);
			buildRules = (
			);
			dependencies = (
				85063B61299D09370052915C /* PBXTargetDependency */,
			);
			name = Pride_Group_TaskUITests;
			productName = Pride_Group_TaskUITests;
			productReference = 85063B5F299D09370052915C /* Pride_Group_TaskUITests.xctest */;
			productType = "com.apple.product-type.bundle.ui-testing";
		};
/* End PBXNativeTarget section */

/* Begin PBXProject section */
		85063B32299D09360052915C /* Project object */ = {
			isa = PBXProject;
			attributes = {
				BuildIndependentTargetsInParallel = 1;
				LastUpgradeCheck = 1340;
				TargetAttributes = {
					85063B39299D09360052915C = {
						CreatedOnToolsVersion = 13.4.1;
						LastSwiftMigration = 1340;
					};
					85063B54299D09370052915C = {
						CreatedOnToolsVersion = 13.4.1;
						TestTargetID = 85063B39299D09360052915C;
					};
					85063B5E299D09370052915C = {
						CreatedOnToolsVersion = 13.4.1;
						TestTargetID = 85063B39299D09360052915C;
					};
				};
			};
			buildConfigurationList = 85063B35299D09360052915C /* Build configuration list for PBXProject "Pride_Group_Task" */;
			compatibilityVersion = "Xcode 13.0";
			developmentRegion = en;
			hasScannedForEncodings = 0;
			knownRegions = (
				en,
				Base,
			);
			mainGroup = 85063B31299D09360052915C;
			productRefGroup = 85063B3B299D09360052915C /* Products */;
			projectDirPath = "";
			projectRoot = "";
			targets = (
				85063B39299D09360052915C /* Pride_Group_Task */,
				85063B54299D09370052915C /* Pride_Group_TaskTests */,
				85063B5E299D09370052915C /* Pride_Group_TaskUITests */,
			);
		};
/* End PBXProject section */

/* Begin PBXResourcesBuildPhase section */
		85063B38299D09360052915C /* Resources */ = {
			isa = PBXResourcesBuildPhase;
			buildActionMask = 2147483647;
			files = (
				85063B4D299D09370052915C /* LaunchScreen.storyboard in Resources */,
				85063B4A299D09370052915C /* Assets.xcassets in Resources */,
				85063B48299D09360052915C /* Main.storyboard in Resources */,
			);
			runOnlyForDeploymentPostprocessing = 0;
		};
		85063B53299D09370052915C /* Resources */ = {
			isa = PBXResourcesBuildPhase;
			buildActionMask = 2147483647;
			files = (
			);
			runOnlyForDeploymentPostprocessing = 0;
		};
		85063B5D299D09370052915C /* Resources */ = {
			isa = PBXResourcesBuildPhase;
			buildActionMask = 2147483647;
			files = (
			);
			runOnlyForDeploymentPostprocessing = 0;
		};
/* End PBXResourcesBuildPhase section */

/* Begin PBXSourcesBuildPhase section */
		85063B36299D09360052915C /* Sources */ = {
			isa = PBXSourcesBuildPhase;
			buildActionMask = 2147483647;
			files = (
				85063B74299D0BD30052915C /* HomeTableViewController.m in Sources */,
				85063B3F299D09360052915C /* AppDelegate.m in Sources */,
				858FF169299EC5CB00C567A1 /* XMLineEntity.m in Sources */,
				858FF166299EC5CB00C567A1 /* XMTimeLineView.m in Sources */,
				85063B50299D09370052915C /* main.m in Sources */,
				858FF16A299EC5CB00C567A1 /* XMLineChartView.m in Sources */,
				858FF168299EC5CB00C567A1 /* XMLineChartViewBase.m in Sources */,
				85063B78299D4E0C0052915C /* CustomTableViewCell.m in Sources */,
				858FF167299EC5CB00C567A1 /* XMViewBase.m in Sources */,
				858FF154299EC4FD00C567A1 /* TimeLineChartVC.m in Sources */,
				85063B42299D09360052915C /* SceneDelegate.m in Sources */,
				858FF16B299EC5CB00C567A1 /* XMLineDataSet.m in Sources */,
			);
			runOnlyForDeploymentPostprocessing = 0;
		};
		85063B51299D09370052915C /* Sources */ = {
			isa = PBXSourcesBuildPhase;
			buildActionMask = 2147483647;
			files = (
				85063B5A299D09370052915C /* Pride_Group_TaskTests.m in Sources */,
			);
			runOnlyForDeploymentPostprocessing = 0;
		};
		85063B5B299D09370052915C /* Sources */ = {
			isa = PBXSourcesBuildPhase;
			buildActionMask = 2147483647;
			files = (
				85063B66299D09370052915C /* Pride_Group_TaskUITestsLaunchTests.m in Sources */,
				85063B64299D09370052915C /* Pride_Group_TaskUITests.m in Sources */,
			);
			runOnlyForDeploymentPostprocessing = 0;
		};
/* End PBXSourcesBuildPhase section */

/* Begin PBXTargetDependency section */
		85063B57299D09370052915C /* PBXTargetDependency */ = {
			isa = PBXTargetDependency;
			target = 85063B39299D09360052915C /* Pride_Group_Task */;
			targetProxy = 85063B56299D09370052915C /* PBXContainerItemProxy */;
		};
		85063B61299D09370052915C /* PBXTargetDependency */ = {
			isa = PBXTargetDependency;
			target = 85063B39299D09360052915C /* Pride_Group_Task */;
			targetProxy = 85063B60299D09370052915C /* PBXContainerItemProxy */;
		};
/* End PBXTargetDependency section */

/* Begin PBXVariantGroup section */
		85063B46299D09360052915C /* Main.storyboard */ = {
			isa = PBXVariantGroup;
			children = (
				85063B47299D09360052915C /* Base */,
			);
			name = Main.storyboard;
			sourceTree = "<group>";
		};
		85063B4B299D09370052915C /* LaunchScreen.storyboard */ = {
			isa = PBXVariantGroup;
			children = (
				85063B4C299D09370052915C /* Base */,
			);
			name = LaunchScreen.storyboard;
			sourceTree = "<group>";
		};
/* End PBXVariantGroup section */

/* Begin XCBuildConfiguration section */
		85063B67299D09370052915C /* Debug */ = {
			isa = XCBuildConfiguration;
			buildSettings = {
				ALWAYS_SEARCH_USER_PATHS = NO;
				CLANG_ANALYZER_NONNULL = YES;
				CLANG_ANALYZER_NUMBER_OBJECT_CONVERSION = YES_AGGRESSIVE;
				CLANG_CXX_LANGUAGE_STANDARD = "gnu++17";
				CLANG_ENABLE_MODULES = YES;
				CLANG_ENABLE_OBJC_ARC = YES;
				CLANG_ENABLE_OBJC_WEAK = YES;
				CLANG_WARN_BLOCK_CAPTURE_AUTORELEASING = YES;
				CLANG_WARN_BOOL_CONVERSION = YES;
				CLANG_WARN_COMMA = YES;
				CLANG_WARN_CONSTANT_CONVERSION = YES;
				CLANG_WARN_DEPRECATED_OBJC_IMPLEMENTATIONS = YES;
				CLANG_WARN_DIRECT_OBJC_ISA_USAGE = YES_ERROR;
				CLANG_WARN_DOCUMENTATION_COMMENTS = YES;
				CLANG_WARN_EMPTY_BODY = YES;
				CLANG_WARN_ENUM_CONVERSION = YES;
				CLANG_WARN_INFINITE_RECURSION = YES;
				CLANG_WARN_INT_CONVERSION = YES;
				CLANG_WARN_NON_LITERAL_NULL_CONVERSION = YES;
				CLANG_WARN_OBJC_IMPLICIT_RETAIN_SELF = YES;
				CLANG_WARN_OBJC_LITERAL_CONVERSION = YES;
				CLANG_WARN_OBJC_ROOT_CLASS = YES_ERROR;
				CLANG_WARN_QUOTED_INCLUDE_IN_FRAMEWORK_HEADER = YES;
				CLANG_WARN_RANGE_LOOP_ANALYSIS = YES;
				CLANG_WARN_STRICT_PROTOTYPES = YES;
				CLANG_WARN_SUSPICIOUS_MOVE = YES;
				CLANG_WARN_UNGUARDED_AVAILABILITY = YES_AGGRESSIVE;
				CLANG_WARN_UNREACHABLE_CODE = YES;
				CLANG_WARN__DUPLICATE_METHOD_MATCH = YES;
				COPY_PHASE_STRIP = NO;
				DEBUG_INFORMATION_FORMAT = dwarf;
				ENABLE_STRICT_OBJC_MSGSEND = YES;
				ENABLE_TESTABILITY = YES;
				GCC_C_LANGUAGE_STANDARD = gnu11;
				GCC_DYNAMIC_NO_PIC = NO;
				GCC_NO_COMMON_BLOCKS = YES;
				GCC_OPTIMIZATION_LEVEL = 0;
				GCC_PREPROCESSOR_DEFINITIONS = (
					"DEBUG=1",
					"$(inherited)",
				);
				GCC_WARN_64_TO_32_BIT_CONVERSION = YES;
				GCC_WARN_ABOUT_RETURN_TYPE = YES_ERROR;
				GCC_WARN_UNDECLARED_SELECTOR = YES;
				GCC_WARN_UNINITIALIZED_AUTOS = YES_AGGRESSIVE;
				GCC_WARN_UNUSED_FUNCTION = YES;
				GCC_WARN_UNUSED_VARIABLE = YES;
				IPHONEOS_DEPLOYMENT_TARGET = 13.0;
				MTL_ENABLE_DEBUG_INFO = INCLUDE_SOURCE;
				MTL_FAST_MATH = YES;
				ONLY_ACTIVE_ARCH = YES;
				SDKROOT = iphoneos;
			};
			name = Debug;
		};
		85063B68299D09370052915C /* Release */ = {
			isa = XCBuildConfiguration;
			buildSettings = {
				ALWAYS_SEARCH_USER_PATHS = NO;
				CLANG_ANALYZER_NONNULL = YES;
				CLANG_ANALYZER_NUMBER_OBJECT_CONVERSION = YES_AGGRESSIVE;
				CLANG_CXX_LANGUAGE_STANDARD = "gnu++17";
				CLANG_ENABLE_MODULES = YES;
				CLANG_ENABLE_OBJC_ARC = YES;
				CLANG_ENABLE_OBJC_WEAK = YES;
				CLANG_WARN_BLOCK_CAPTURE_AUTORELEASING = YES;
				CLANG_WARN_BOOL_CONVERSION = YES;
				CLANG_WARN_COMMA = YES;
				CLANG_WARN_CONSTANT_CONVERSION = YES;
				CLANG_WARN_DEPRECATED_OBJC_IMPLEMENTATIONS = YES;
				CLANG_WARN_DIRECT_OBJC_ISA_USAGE = YES_ERROR;
				CLANG_WARN_DOCUMENTATION_COMMENTS = YES;
				CLANG_WARN_EMPTY_BODY = YES;
				CLANG_WARN_ENUM_CONVERSION = YES;
				CLANG_WARN_INFINITE_RECURSION = YES;
				CLANG_WARN_INT_CONVERSION = YES;
				CLANG_WARN_NON_LITERAL_NULL_CONVERSION = YES;
				CLANG_WARN_OBJC_IMPLICIT_RETAIN_SELF = YES;
				CLANG_WARN_OBJC_LITERAL_CONVERSION = YES;
				CLANG_WARN_OBJC_ROOT_CLASS = YES_ERROR;
				CLANG_WARN_QUOTED_INCLUDE_IN_FRAMEWORK_HEADER = YES;
				CLANG_WARN_RANGE_LOOP_ANALYSIS = YES;
				CLANG_WARN_STRICT_PROTOTYPES = YES;
				CLANG_WARN_SUSPICIOUS_MOVE = YES;
				CLANG_WARN_UNGUARDED_AVAILABILITY = YES_AGGRESSIVE;
				CLANG_WARN_UNREACHABLE_CODE = YES;
				CLANG_WARN__DUPLICATE_METHOD_MATCH = YES;
				COPY_PHASE_STRIP = NO;
				DEBUG_INFORMATION_FORMAT = "dwarf-with-dsym";
				ENABLE_NS_ASSERTIONS = NO;
				ENABLE_STRICT_OBJC_MSGSEND = YES;
				GCC_C_LANGUAGE_STANDARD = gnu11;
				GCC_NO_COMMON_BLOCKS = YES;
				GCC_WARN_64_TO_32_BIT_CONVERSION = YES;
				GCC_WARN_ABOUT_RETURN_TYPE = YES_ERROR;
				GCC_WARN_UNDECLARED_SELECTOR = YES;
				GCC_WARN_UNINITIALIZED_AUTOS = YES_AGGRESSIVE;
				GCC_WARN_UNUSED_FUNCTION = YES;
				GCC_WARN_UNUSED_VARIABLE = YES;
				IPHONEOS_DEPLOYMENT_TARGET = 13.0;
				MTL_ENABLE_DEBUG_INFO = NO;
				MTL_FAST_MATH = YES;
				SDKROOT = iphoneos;
				VALIDATE_PRODUCT = YES;
			};
			name = Release;
		};
		85063B6A299D09370052915C /* Debug */ = {
			isa = XCBuildConfiguration;
			buildSettings = {
				ASSETCATALOG_COMPILER_APPICON_NAME = AppIcon;
				ASSETCATALOG_COMPILER_GLOBAL_ACCENT_COLOR_NAME = AccentColor;
				CLANG_ENABLE_MODULES = YES;
				CODE_SIGN_STYLE = Automatic;
				CURRENT_PROJECT_VERSION = 1;
				GENERATE_INFOPLIST_FILE = YES;
				INFOPLIST_FILE = Pride_Group_Task/Info.plist;
				INFOPLIST_KEY_UIApplicationSupportsIndirectInputEvents = YES;
				INFOPLIST_KEY_UILaunchStoryboardName = LaunchScreen;
				INFOPLIST_KEY_UIMainStoryboardFile = Main;
				INFOPLIST_KEY_UISupportedInterfaceOrientations = UIInterfaceOrientationPortrait;
				INFOPLIST_KEY_UISupportedInterfaceOrientations_iPad = "UIInterfaceOrientationPortrait UIInterfaceOrientationPortraitUpsideDown UIInterfaceOrientationLandscapeLeft UIInterfaceOrientationLandscapeRight";
				INFOPLIST_KEY_UISupportedInterfaceOrientations_iPhone = "UIInterfaceOrientationPortrait UIInterfaceOrientationLandscapeLeft UIInterfaceOrientationLandscapeRight";
				IPHONEOS_DEPLOYMENT_TARGET = 13.0;
				LD_RUNPATH_SEARCH_PATHS = (
					"$(inherited)",
					"@executable_path/Frameworks",
				);
				MARKETING_VERSION = 1.0;
				PRODUCT_BUNDLE_IDENTIFIER = "com.pridegroup.task.Pride-Group-Task";
				PRODUCT_NAME = "$(TARGET_NAME)";
				SWIFT_EMIT_LOC_STRINGS = YES;
				SWIFT_OBJC_BRIDGING_HEADER = "Pride_Group_Task/Pride_Group_Task-Bridging-Header.h";
				SWIFT_OPTIMIZATION_LEVEL = "-Onone";
				SWIFT_VERSION = 5.0;
				TARGETED_DEVICE_FAMILY = "1,2";
			};
			name = Debug;
		};
		85063B6B299D09370052915C /* Release */ = {
			isa = XCBuildConfiguration;
			buildSettings = {
				ASSETCATALOG_COMPILER_APPICON_NAME = AppIcon;
				ASSETCATALOG_COMPILER_GLOBAL_ACCENT_COLOR_NAME = AccentColor;
				CLANG_ENABLE_MODULES = YES;
				CODE_SIGN_STYLE = Automatic;
				CURRENT_PROJECT_VERSION = 1;
				GENERATE_INFOPLIST_FILE = YES;
				INFOPLIST_FILE = Pride_Group_Task/Info.plist;
				INFOPLIST_KEY_UIApplicationSupportsIndirectInputEvents = YES;
				INFOPLIST_KEY_UILaunchStoryboardName = LaunchScreen;
				INFOPLIST_KEY_UIMainStoryboardFile = Main;
				INFOPLIST_KEY_UISupportedInterfaceOrientations = UIInterfaceOrientationPortrait;
				INFOPLIST_KEY_UISupportedInterfaceOrientations_iPad = "UIInterfaceOrientationPortrait UIInterfaceOrientationPortraitUpsideDown UIInterfaceOrientationLandscapeLeft UIInterfaceOrientationLandscapeRight";
				INFOPLIST_KEY_UISupportedInterfaceOrientations_iPhone = "UIInterfaceOrientationPortrait UIInterfaceOrientationLandscapeLeft UIInterfaceOrientationLandscapeRight";
				IPHONEOS_DEPLOYMENT_TARGET = 13.0;
				LD_RUNPATH_SEARCH_PATHS = (
					"$(inherited)",
					"@executable_path/Frameworks",
				);
				MARKETING_VERSION = 1.0;
				PRODUCT_BUNDLE_IDENTIFIER = "com.pridegroup.task.Pride-Group-Task";
				PRODUCT_NAME = "$(TARGET_NAME)";
				SWIFT_EMIT_LOC_STRINGS = YES;
				SWIFT_OBJC_BRIDGING_HEADER = "Pride_Group_Task/Pride_Group_Task-Bridging-Header.h";
				SWIFT_VERSION = 5.0;
				TARGETED_DEVICE_FAMILY = "1,2";
			};
			name = Release;
		};
		85063B6D299D09370052915C /* Debug */ = {
			isa = XCBuildConfiguration;
			buildSettings = {
				BUNDLE_LOADER = "$(TEST_HOST)";
				CODE_SIGN_STYLE = Automatic;
				CURRENT_PROJECT_VERSION = 1;
				GENERATE_INFOPLIST_FILE = YES;
				IPHONEOS_DEPLOYMENT_TARGET = 15.5;
				MARKETING_VERSION = 1.0;
				PRODUCT_BUNDLE_IDENTIFIER = "com.pridegroup.task.Pride-Group-TaskTests";
				PRODUCT_NAME = "$(TARGET_NAME)";
				SWIFT_EMIT_LOC_STRINGS = NO;
				TARGETED_DEVICE_FAMILY = "1,2";
				TEST_HOST = "$(BUILT_PRODUCTS_DIR)/Pride_Group_Task.app/Pride_Group_Task";
			};
			name = Debug;
		};
		85063B6E299D09370052915C /* Release */ = {
			isa = XCBuildConfiguration;
			buildSettings = {
				BUNDLE_LOADER = "$(TEST_HOST)";
				CODE_SIGN_STYLE = Automatic;
				CURRENT_PROJECT_VERSION = 1;
				GENERATE_INFOPLIST_FILE = YES;
				IPHONEOS_DEPLOYMENT_TARGET = 15.5;
				MARKETING_VERSION = 1.0;
				PRODUCT_BUNDLE_IDENTIFIER = "com.pridegroup.task.Pride-Group-TaskTests";
				PRODUCT_NAME = "$(TARGET_NAME)";
				SWIFT_EMIT_LOC_STRINGS = NO;
				TARGETED_DEVICE_FAMILY = "1,2";
				TEST_HOST = "$(BUILT_PRODUCTS_DIR)/Pride_Group_Task.app/Pride_Group_Task";
			};
			name = Release;
		};
		85063B70299D09370052915C /* Debug */ = {
			isa = XCBuildConfiguration;
			buildSettings = {
				CODE_SIGN_STYLE = Automatic;
				CURRENT_PROJECT_VERSION = 1;
				GENERATE_INFOPLIST_FILE = YES;
				MARKETING_VERSION = 1.0;
				PRODUCT_BUNDLE_IDENTIFIER = "com.pridegroup.task.Pride-Group-TaskUITests";
				PRODUCT_NAME = "$(TARGET_NAME)";
				SWIFT_EMIT_LOC_STRINGS = NO;
				TARGETED_DEVICE_FAMILY = "1,2";
				TEST_TARGET_NAME = Pride_Group_Task;
			};
			name = Debug;
		};
		85063B71299D09370052915C /* Release */ = {
			isa = XCBuildConfiguration;
			buildSettings = {
				CODE_SIGN_STYLE = Automatic;
				CURRENT_PROJECT_VERSION = 1;
				GENERATE_INFOPLIST_FILE = YES;
				MARKETING_VERSION = 1.0;
				PRODUCT_BUNDLE_IDENTIFIER = "com.pridegroup.task.Pride-Group-TaskUITests";
				PRODUCT_NAME = "$(TARGET_NAME)";
				SWIFT_EMIT_LOC_STRINGS = NO;
				TARGETED_DEVICE_FAMILY = "1,2";
				TEST_TARGET_NAME = Pride_Group_Task;
			};
			name = Release;
		};
/* End XCBuildConfiguration section */

/* Begin XCConfigurationList section */
		85063B35299D09360052915C /* Build configuration list for PBXProject "Pride_Group_Task" */ = {
			isa = XCConfigurationList;
			buildConfigurations = (
				85063B67299D09370052915C /* Debug */,
				85063B68299D09370052915C /* Release */,
			);
			defaultConfigurationIsVisible = 0;
			defaultConfigurationName = Release;
		};
		85063B69299D09370052915C /* Build configuration list for PBXNativeTarget "Pride_Group_Task" */ = {
			isa = XCConfigurationList;
			buildConfigurations = (
				85063B6A299D09370052915C /* Debug */,
				85063B6B299D09370052915C /* Release */,
			);
			defaultConfigurationIsVisible = 0;
			defaultConfigurationName = Release;
		};
		85063B6C299D09370052915C /* Build configuration list for PBXNativeTarget "Pride_Group_TaskTests" */ = {
			isa = XCConfigurationList;
			buildConfigurations = (
				85063B6D299D09370052915C /* Debug */,
				85063B6E299D09370052915C /* Release */,
			);
			defaultConfigurationIsVisible = 0;
			defaultConfigurationName = Release;
		};
		85063B6F299D09370052915C /* Build configuration list for PBXNativeTarget "Pride_Group_TaskUITests" */ = {
			isa = XCConfigurationList;
			buildConfigurations = (
				85063B70299D09370052915C /* Debug */,
				85063B71299D09370052915C /* Release */,
			);
			defaultConfigurationIsVisible = 0;
			defaultConfigurationName = Release;
		};
/* End XCConfigurationList section */
	};
	rootObject = 85063B32299D09360052915C /* Project object */;
}
